
Microsoft Visual Studio Solution File, Format Version 12.00
# Visual Studio Version 17
VisualStudioVersion = 17.7.34302.85
MinimumVisualStudioVersion = 10.0.40219.1
Project("{9A19103F-16F7-4668-BE54-9A1E7A4F7556}") = "ChoreBoard.Api", "ChoreBoard.Api\ChoreBoard.Api.csproj", "{D668AF2F-F400-448D-A32D-6FCFB2EF9BC8}"
EndProject
Project("{9A19103F-16F7-4668-BE54-9A1E7A4F7556}") = "ChoreBoard.Data", "ChoreBoard.Data\ChoreBoard.Data.csproj", "{97FFDB15-97B9-4B4C-A36F-56930AB091C2}"
EndProject
Project("{9A19103F-16F7-4668-BE54-9A1E7A4F7556}") = "ChoreBoard.Service", "ChoreBoard.Service\ChoreBoard.Service.csproj", "{C7C95166-EDD7-41BE-9A67-F00D842A9D57}"
EndProject
Project("{2150E333-8FDC-42A3-9474-1A3956D46DE8}") = "Solution Items", "Solution Items", "{E4A626BB-D5F2-450C-B312-66DFA3D6AC9B}"
	ProjectSection(SolutionItems) = preProject
		.gitignore = .gitignore
		scaffoldDatabase.ps1 = scaffoldDatabase.ps1
		..\db\Setup.sql = ..\db\Setup.sql
	EndProjectSection
EndProject
Project("{9A19103F-16F7-4668-BE54-9A1E7A4F7556}") = "CoreBoard.UnitTests", "CoreBoard.UnitTests\CoreBoard.UnitTests.csproj", "{E0841D00-3624-4503-A2CA-51394D5C5938}"
EndProject
Project("{9A19103F-16F7-4668-BE54-9A1E7A4F7556}") = "ChoreBoard.Api.Common", "ChoreBoard.Api.Common\ChoreBoard.Api.Common.csproj", "{BB76B39B-6BD7-4090-84BD-55C618A78F4E}"
EndProject
Global
	GlobalSection(SolutionConfigurationPlatforms) = preSolution
		Debug|Any CPU = Debug|Any CPU
		Release|Any CPU = Release|Any CPU
	EndGlobalSection
	GlobalSection(ProjectConfigurationPlatforms) = postSolution
		{D668AF2F-F400-448D-A32D-6FCFB2EF9BC8}.Debug|Any CPU.ActiveCfg = Debug|Any CPU
		{D668AF2F-F400-448D-A32D-6FCFB2EF9BC8}.Debug|Any CPU.Build.0 = Debug|Any CPU
		{D668AF2F-F400-448D-A32D-6FCFB2EF9BC8}.Release|Any CPU.ActiveCfg = Release|Any CPU
		{D668AF2F-F400-448D-A32D-6FCFB2EF9BC8}.Release|Any CPU.Build.0 = Release|Any CPU
		{97FFDB15-97B9-4B4C-A36F-56930AB091C2}.Debug|Any CPU.ActiveCfg = Debug|Any CPU
		{97FFDB15-97B9-4B4C-A36F-56930AB091C2}.Debug|Any CPU.Build.0 = Debug|Any CPU
		{97FFDB15-97B9-4B4C-A36F-56930AB091C2}.Release|Any CPU.ActiveCfg = Release|Any CPU
		{97FFDB15-97B9-4B4C-A36F-56930AB091C2}.Release|Any CPU.Build.0 = Release|Any CPU
		{C7C95166-EDD7-41BE-9A67-F00D842A9D57}.Debug|Any CPU.ActiveCfg = Debug|Any CPU
		{C7C95166-EDD7-41BE-9A67-F00D842A9D57}.Debug|Any CPU.Build.0 = Debug|Any CPU
		{C7C95166-EDD7-41BE-9A67-F00D842A9D57}.Release|Any CPU.ActiveCfg = Release|Any CPU
		{C7C95166-EDD7-41BE-9A67-F00D842A9D57}.Release|Any CPU.Build.0 = Release|Any CPU
		{E0841D00-3624-4503-A2CA-51394D5C5938}.Debug|Any CPU.ActiveCfg = Debug|Any CPU
		{E0841D00-3624-4503-A2CA-51394D5C5938}.Debug|Any CPU.Build.0 = Debug|Any CPU
		{E0841D00-3624-4503-A2CA-51394D5C5938}.Release|Any CPU.ActiveCfg = Release|Any CPU
		{E0841D00-3624-4503-A2CA-51394D5C5938}.Release|Any CPU.Build.0 = Release|Any CPU
		{BB76B39B-6BD7-4090-84BD-55C618A78F4E}.Debug|Any CPU.ActiveCfg = Debug|Any CPU
		{BB76B39B-6BD7-4090-84BD-55C618A78F4E}.Debug|Any CPU.Build.0 = Debug|Any CPU
		{BB76B39B-6BD7-4090-84BD-55C618A78F4E}.Release|Any CPU.ActiveCfg = Release|Any CPU
		{BB76B39B-6BD7-4090-84BD-55C618A78F4E}.Release|Any CPU.Build.0 = Release|Any CPU
	EndGlobalSection
	GlobalSection(SolutionProperties) = preSolution
		HideSolutionNode = FALSE
	EndGlobalSection
	GlobalSection(ExtensibilityGlobals) = postSolution
		SolutionGuid = {E172A24B-70E5-4514-B3A5-C6A418F799C3}
	EndGlobalSection
EndGlobal
